{
  "name": "torret-client",
  "version": "1.0.0",
  "lockfileVersion": 3,
  "requires": true,
  "packages": {
    "": {
      "name": "torret-client",
      "version": "1.0.0",
      "license": "ISC",
      "dependencies": {
        "bencode": "^4.0.0",
        "crypto": "^1.0.1",
        "dgram": "^1.0.1"
      }
    },
    "node_modules/base64-arraybuffer": {
      "version": "1.0.2",
      "resolved": "https://registry.npmjs.org/base64-arraybuffer/-/base64-arraybuffer-1.0.2.tgz",
      "integrity": "sha512-I3yl4r9QB5ZRY3XuJVEPfc2XhZO6YweFPI+UovAzn+8/hb3oJ6lnysaFcjVpkCPfVWFUDvoZ8kmVDP7WyRtYtQ==",
      "engines": {
        "node": ">= 0.6.0"
      }
    },
    "node_modules/bencode": {
      "version": "4.0.0",
      "resolved": "https://registry.npmjs.org/bencode/-/bencode-4.0.0.tgz",
      "integrity": "sha512-AERXw18df0pF3ziGOCyUjqKZBVNH8HV3lBxnx5w0qtgMIk4a1wb9BkcCQbkp9Zstfrn/dzRwl7MmUHHocX3sRQ==",
      "dependencies": {
        "uint8-util": "^2.2.2"
      },
      "engines": {
        "node": ">=12.20.0"
      }
    },
    "node_modules/crypto": {
      "version": "1.0.1",
      "resolved": "https://registry.npmjs.org/crypto/-/crypto-1.0.1.tgz",
      "integrity": "sha512-VxBKmeNcqQdiUQUW2Tzq0t377b54N2bMtXO/qiLa+6eRRmmC4qT3D4OnTGoT/U6O9aklQ/jTwbOtRMTTY8G0Ig==",
      "deprecated": "This package is no longer supported. It's now a built-in Node module. If you've depended on crypto, you should switch to the one that's built-in."
    },
    "node_modules/dgram": {
      "version": "1.0.1",
      "resolved": "https://registry.npmjs.org/dgram/-/dgram-1.0.1.tgz",
      "integrity": "sha512-zJVFL1EWfKtE0z2VN6qfpn/a+qG1viEzcwJA0EjtzS76ONSE3sEyWBwEbo32hS4IFw/EWVuWN+8b89aPW6It2A==",
      "deprecated": "npm is holding this package for security reasons. As it's a core Node module, we will not transfer it over to other users. You may safely remove the package from your dependencies."
    },
    "node_modules/uint8-util": {
      "version": "2.2.5",
      "resolved": "https://registry.npmjs.org/uint8-util/-/uint8-util-2.2.5.tgz",
      "integrity": "sha512-/QxVQD7CttWpVUKVPz9znO+3Dd4BdTSnFQ7pv/4drVhC9m4BaL2LFHTkJn6EsYoxT79VDq/2Gg8L0H22PrzyMw==",
      "dependencies": {
        "base64-arraybuffer": "^1.0.2"
      }
    }
  }
}
